lockfileVersion: '9.0'

settings:
  autoInstallPeers: true
  excludeLinksFromLockfile: false

importers:

  .:
    dependencies:
      '@agentide/shared':
        specifier: workspace:*
        version: link:../shared
      '@ai-sdk/moonshotai':
        specifier: ^0.0.4
        version: 0.0.4(zod@4.3.6)
      zod:
        specifier: ^4.3.6
        version: 4.3.6

packages:

  '@ai-sdk/moonshotai@0.0.4':
    resolution: {integrity: sha512-MZgjpc+IzOwJNDKIoAWmtLrrjWNqwWImqyM3HcWScOhKi/dbxeg5CEsW2cwH71TKrpGJ33DFhndA2y8gAkRFfw==}
    engines: {node: '>=18'}
    peerDependencies:
      zod: ^3.25.76 || ^4.1.8

  '@ai-sdk/openai-compatible@1.0.33':
    resolution: {integrity: sha512-2KMcR2xAul3u5dGZD7gONgbIki3Hg7Ey+sFu7gsiJ4U2iRU0GDV3ccNq79dTuAEXPDFcOWCUpW8A8jXc0kxJxQ==}
    engines: {node: '>=18'}
    peerDependencies:
      zod: ^3.25.76 || ^4.1.8

  '@ai-sdk/provider-utils@3.0.21':
    resolution: {integrity: sha512-veuMwTLxsgh31Jjn0SnBABnM1f7ebHhRWcV2ZuY3hP3iJDCZ8VXBaYqcHXoOQDqUXTCas08sKQcHyWK+zl882Q==}
    engines: {node: '>=18'}
    peerDependencies:
      zod: ^3.25.76 || ^4.1.8

  '@ai-sdk/provider@2.0.1':
    resolution: {integrity: sha512-KCUwswvsC5VsW2PWFqF8eJgSCu5Ysj7m1TxiHTVA6g7k360bk0RNQENT8KTMAYEs+8fWPD3Uu4dEmzGHc+jGng==}
    engines: {node: '>=18'}

  '@standard-schema/spec@1.1.0':
    resolution: {integrity: sha512-l2aFy5jALhniG5HgqrD6jXLi/rUWrKvqN/qJx6yoJsgKhblVd+iqqU4RCXavm/jPityDo5TCvKMnpjKnOriy0w==}

  eventsource-parser@3.0.6:
    resolution: {integrity: sha512-Vo1ab+QXPzZ4tCa8SwIHJFaSzy4R6SHf7BY79rFBDf0idraZWAkYrDjDj8uWaSm3S2TK+hJ7/t1CEmZ7jXw+pg==}
    engines: {node: '>=18.0.0'}

  json-schema@0.4.0:
    resolution: {integrity: sha512-es94M3nTIfsEPisRafak+HDLfHXnKBhV3vU5eqPcS3flIWqcxJWgXHXiey3YrpaNsanY5ei1VoYEbOzijuq9BA==}

  zod@4.3.6:
    resolution: {integrity: sha512-rftlrkhHZOcjDwkGlnUtZZkvaPHCsDATp4pGpuOOMDaTdDDXF91wuVDJoWoPsKX/3YPQ5fHuF3STjcYyKr+Qhg==}

snapshots:

  '@ai-sdk/moonshotai@0.0.4(zod@4.3.6)':
    dependencies:
      '@ai-sdk/openai-compatible': 1.0.33(zod@4.3.6)
      '@ai-sdk/provider': 2.0.1
      '@ai-sdk/provider-utils': 3.0.21(zod@4.3.6)
      zod: 4.3.6

  '@ai-sdk/openai-compatible@1.0.33(zod@4.3.6)':
    dependencies:
      '@ai-sdk/provider': 2.0.1
      '@ai-sdk/provider-utils': 3.0.21(zod@4.3.6)
      zod: 4.3.6

  '@ai-sdk/provider-utils@3.0.21(zod@4.3.6)':
    dependencies:
      '@ai-sdk/provider': 2.0.1
      '@standard-schema/spec': 1.1.0
      eventsource-parser: 3.0.6
      zod: 4.3.6

  '@ai-sdk/provider@2.0.1':
    dependencies:
      json-schema: 0.4.0

  '@standard-schema/spec@1.1.0': {}

  eventsource-parser@3.0.6: {}

  json-schema@0.4.0: {}

  zod@4.3.6: {}
